
Microsoft Visual Studio Solution File, Format Version 12.00
# Visual Studio Version 17
VisualStudioVersion = 17.8.34330.188
MinimumVisualStudioVersion = 10.0.40219.1
Project("{FAE04EC0-301F-11D3-BF4B-00C04F79EFBC}") = "DO6On471", "DO6On471\DO6On471.csproj", "{FE4B11F0-3AAB-4BA5-BF49-00EE46952433}"
EndProject
Project("{2150E333-8FDC-42A3-9474-1A3956D46DE8}") = "DO6", "DO6", "{5E09FC72-15DF-4264-9A82-C73B28E8118F}"
EndProject
Project("{FAE04EC0-301F-11D3-BF4B-00C04F79EFBC}") = "DO6On472", "DO6On472\DO6On472.csproj", "{4344B4B6-9076-4CAA-9731-E65D9F142417}"
EndProject
Project("{FAE04EC0-301F-11D3-BF4B-00C04F79EFBC}") = "DO6On48", "DO6On48\DO6On48.csproj", "{5F029392-CC0F-4702-A4BA-E2D663C158D2}"
EndProject
Project("{9A19103F-16F7-4668-BE54-9A1E7A4F7556}") = "DO6OnCore21", "DO6OnCore21\DO6OnCore21.csproj", "{7A74E7C4-8D16-462D-B249-D0EE63A5D71C}"
EndProject
Project("{9A19103F-16F7-4668-BE54-9A1E7A4F7556}") = "DO6OnCore31", "DO6OnCore31\DO6OnCore31.csproj", "{FB25E60C-8380-49E5-B1EC-E61BA825D1B1}"
EndProject
Project("{9A19103F-16F7-4668-BE54-9A1E7A4F7556}") = "DO6OnNet5", "DO6OnNet5\DO6OnNet5.csproj", "{F7755FC1-1D4C-4D5E-8662-C19D55C29593}"
EndProject
Project("{9A19103F-16F7-4668-BE54-9A1E7A4F7556}") = "DO6SharedModel", "DO6SharedModel\DO6SharedModel.csproj", "{63966EB4-9E9D-4334-B25F-49DDE75BCC45}"
EndProject
Project("{2150E333-8FDC-42A3-9474-1A3956D46DE8}") = "DO7", "DO7", "{F64CB18D-2B66-40EC-BDF8-60F6A412AAC7}"
EndProject
Project("{9A19103F-16F7-4668-BE54-9A1E7A4F7556}") = "DO7OnCore31", "DO7OnCore31\DO7OnCore31.csproj", "{4797DE77-8AFE-4718-B917-7ABF88DC3883}"
EndProject
Project("{9A19103F-16F7-4668-BE54-9A1E7A4F7556}") = "DO7OnNet5", "DO7OnNet5\DO7OnNet5.csproj", "{EE37322B-C09A-4D77-B50C-98FE346473BE}"
EndProject
Project("{9A19103F-16F7-4668-BE54-9A1E7A4F7556}") = "DO7OnNet6", "DO7OnNet6\DO7OnNet6.csproj", "{2A3ACE1C-A9CD-452A-A418-D0F0CE8CE8FC}"
EndProject
Project("{9A19103F-16F7-4668-BE54-9A1E7A4F7556}") = "DO7OnNet7", "DO7OnNet7\DO7OnNet7.csproj", "{347E50D7-EB1F-491F-AE19-9216239B0C58}"
EndProject
Project("{9A19103F-16F7-4668-BE54-9A1E7A4F7556}") = "DO7OnNet8", "DO7OnNet8\DO7OnNet8.csproj", "{8CF544AC-3BE5-4F90-9710-E4DC1C3F895D}"
EndProject
Project("{9A19103F-16F7-4668-BE54-9A1E7A4F7556}") = "DO7SharedModel", "DO7SharedModel\DO7SharedModel.csproj", "{7E5BB985-270B-440C-ADAA-F521511C63BF}"
EndProject
Project("{9A19103F-16F7-4668-BE54-9A1E7A4F7556}") = "DO71OnNet5", "DO71OnNet5\DO71OnNet5.csproj", "{7AF56E26-6979-4CA5-BC10-42F74CB9A088}"
EndProject
Project("{9A19103F-16F7-4668-BE54-9A1E7A4F7556}") = "DO71OnNet6", "DO71OnNet6\DO71OnNet6.csproj", "{5D23D913-0595-4E12-8D6C-C075C024CA55}"
EndProject
Project("{9A19103F-16F7-4668-BE54-9A1E7A4F7556}") = "DO71OnNet7", "DO71OnNet7\DO71OnNet7.csproj", "{5FC2FC71-5B50-4936-8655-61A9DA4ED77F}"
EndProject
Project("{9A19103F-16F7-4668-BE54-9A1E7A4F7556}") = "DO71OnNet8", "DO71OnNet8\DO71OnNet8.csproj", "{BC54B662-072E-4389-9B85-6E2945944EF3}"
EndProject
Project("{2150E333-8FDC-42A3-9474-1A3956D46DE8}") = "DO71", "DO71", "{B5125067-B3C8-4174-80A6-55E395BE4E50}"
EndProject
Project("{9A19103F-16F7-4668-BE54-9A1E7A4F7556}") = "DO71SharedModel", "DO71SharedModel\DO71SharedModel.csproj", "{23DD4290-F81C-4A37-AA9F-407C3F189C98}"
EndProject
Global
	GlobalSection(SolutionConfigurationPlatforms) = preSolution
		Debug|Any CPU = Debug|Any CPU
		Release|Any CPU = Release|Any CPU
	EndGlobalSection
	GlobalSection(ProjectConfigurationPlatforms) = postSolution
		{FE4B11F0-3AAB-4BA5-BF49-00EE46952433}.Debug|Any CPU.ActiveCfg = Debug|Any CPU
		{FE4B11F0-3AAB-4BA5-BF49-00EE46952433}.Debug|Any CPU.Build.0 = Debug|Any CPU
		{FE4B11F0-3AAB-4BA5-BF49-00EE46952433}.Release|Any CPU.ActiveCfg = Release|Any CPU
		{FE4B11F0-3AAB-4BA5-BF49-00EE46952433}.Release|Any CPU.Build.0 = Release|Any CPU
		{4344B4B6-9076-4CAA-9731-E65D9F142417}.Debug|Any CPU.ActiveCfg = Debug|Any CPU
		{4344B4B6-9076-4CAA-9731-E65D9F142417}.Debug|Any CPU.Build.0 = Debug|Any CPU
		{4344B4B6-9076-4CAA-9731-E65D9F142417}.Release|Any CPU.ActiveCfg = Release|Any CPU
		{4344B4B6-9076-4CAA-9731-E65D9F142417}.Release|Any CPU.Build.0 = Release|Any CPU
		{5F029392-CC0F-4702-A4BA-E2D663C158D2}.Debug|Any CPU.ActiveCfg = Debug|Any CPU
		{5F029392-CC0F-4702-A4BA-E2D663C158D2}.Debug|Any CPU.Build.0 = Debug|Any CPU
		{5F029392-CC0F-4702-A4BA-E2D663C158D2}.Release|Any CPU.ActiveCfg = Release|Any CPU
		{5F029392-CC0F-4702-A4BA-E2D663C158D2}.Release|Any CPU.Build.0 = Release|Any CPU
		{7A74E7C4-8D16-462D-B249-D0EE63A5D71C}.Debug|Any CPU.ActiveCfg = Debug|Any CPU
		{7A74E7C4-8D16-462D-B249-D0EE63A5D71C}.Debug|Any CPU.Build.0 = Debug|Any CPU
		{7A74E7C4-8D16-462D-B249-D0EE63A5D71C}.Release|Any CPU.ActiveCfg = Release|Any CPU
		{7A74E7C4-8D16-462D-B249-D0EE63A5D71C}.Release|Any CPU.Build.0 = Release|Any CPU
		{FB25E60C-8380-49E5-B1EC-E61BA825D1B1}.Debug|Any CPU.ActiveCfg = Debug|Any CPU
		{FB25E60C-8380-49E5-B1EC-E61BA825D1B1}.Debug|Any CPU.Build.0 = Debug|Any CPU
		{FB25E60C-8380-49E5-B1EC-E61BA825D1B1}.Release|Any CPU.ActiveCfg = Release|Any CPU
		{FB25E60C-8380-49E5-B1EC-E61BA825D1B1}.Release|Any CPU.Build.0 = Release|Any CPU
		{F7755FC1-1D4C-4D5E-8662-C19D55C29593}.Debug|Any CPU.ActiveCfg = Debug|Any CPU
		{F7755FC1-1D4C-4D5E-8662-C19D55C29593}.Debug|Any CPU.Build.0 = Debug|Any CPU
		{F7755FC1-1D4C-4D5E-8662-C19D55C29593}.Release|Any CPU.ActiveCfg = Release|Any CPU
		{F7755FC1-1D4C-4D5E-8662-C19D55C29593}.Release|Any CPU.Build.0 = Release|Any CPU
		{63966EB4-9E9D-4334-B25F-49DDE75BCC45}.Debug|Any CPU.ActiveCfg = Debug|Any CPU
		{63966EB4-9E9D-4334-B25F-49DDE75BCC45}.Debug|Any CPU.Build.0 = Debug|Any CPU
		{63966EB4-9E9D-4334-B25F-49DDE75BCC45}.Release|Any CPU.ActiveCfg = Release|Any CPU
		{63966EB4-9E9D-4334-B25F-49DDE75BCC45}.Release|Any CPU.Build.0 = Release|Any CPU
		{4797DE77-8AFE-4718-B917-7ABF88DC3883}.Debug|Any CPU.ActiveCfg = Debug|Any CPU
		{4797DE77-8AFE-4718-B917-7ABF88DC3883}.Debug|Any CPU.Build.0 = Debug|Any CPU
		{4797DE77-8AFE-4718-B917-7ABF88DC3883}.Release|Any CPU.ActiveCfg = Release|Any CPU
		{4797DE77-8AFE-4718-B917-7ABF88DC3883}.Release|Any CPU.Build.0 = Release|Any CPU
		{EE37322B-C09A-4D77-B50C-98FE346473BE}.Debug|Any CPU.ActiveCfg = Debug|Any CPU
		{EE37322B-C09A-4D77-B50C-98FE346473BE}.Debug|Any CPU.Build.0 = Debug|Any CPU
		{EE37322B-C09A-4D77-B50C-98FE346473BE}.Release|Any CPU.ActiveCfg = Release|Any CPU
		{EE37322B-C09A-4D77-B50C-98FE346473BE}.Release|Any CPU.Build.0 = Release|Any CPU
		{2A3ACE1C-A9CD-452A-A418-D0F0CE8CE8FC}.Debug|Any CPU.ActiveCfg = Debug|Any CPU
		{2A3ACE1C-A9CD-452A-A418-D0F0CE8CE8FC}.Debug|Any CPU.Build.0 = Debug|Any CPU
		{2A3ACE1C-A9CD-452A-A418-D0F0CE8CE8FC}.Release|Any CPU.ActiveCfg = Release|Any CPU
		{2A3ACE1C-A9CD-452A-A418-D0F0CE8CE8FC}.Release|Any CPU.Build.0 = Release|Any CPU
		{347E50D7-EB1F-491F-AE19-9216239B0C58}.Debug|Any CPU.ActiveCfg = Debug|Any CPU
		{347E50D7-EB1F-491F-AE19-9216239B0C58}.Debug|Any CPU.Build.0 = Debug|Any CPU
		{347E50D7-EB1F-491F-AE19-9216239B0C58}.Release|Any CPU.ActiveCfg = Release|Any CPU
		{347E50D7-EB1F-491F-AE19-9216239B0C58}.Release|Any CPU.Build.0 = Release|Any CPU
		{8CF544AC-3BE5-4F90-9710-E4DC1C3F895D}.Debug|Any CPU.ActiveCfg = Debug|Any CPU
		{8CF544AC-3BE5-4F90-9710-E4DC1C3F895D}.Debug|Any CPU.Build.0 = Debug|Any CPU
		{8CF544AC-3BE5-4F90-9710-E4DC1C3F895D}.Release|Any CPU.ActiveCfg = Release|Any CPU
		{8CF544AC-3BE5-4F90-9710-E4DC1C3F895D}.Release|Any CPU.Build.0 = Release|Any CPU
		{7E5BB985-270B-440C-ADAA-F521511C63BF}.Debug|Any CPU.ActiveCfg = Debug|Any CPU
		{7E5BB985-270B-440C-ADAA-F521511C63BF}.Debug|Any CPU.Build.0 = Debug|Any CPU
		{7E5BB985-270B-440C-ADAA-F521511C63BF}.Release|Any CPU.ActiveCfg = Release|Any CPU
		{7E5BB985-270B-440C-ADAA-F521511C63BF}.Release|Any CPU.Build.0 = Release|Any CPU
		{7AF56E26-6979-4CA5-BC10-42F74CB9A088}.Debug|Any CPU.ActiveCfg = Debug|Any CPU
		{7AF56E26-6979-4CA5-BC10-42F74CB9A088}.Debug|Any CPU.Build.0 = Debug|Any CPU
		{7AF56E26-6979-4CA5-BC10-42F74CB9A088}.Release|Any CPU.ActiveCfg = Release|Any CPU
		{7AF56E26-6979-4CA5-BC10-42F74CB9A088}.Release|Any CPU.Build.0 = Release|Any CPU
		{5D23D913-0595-4E12-8D6C-C075C024CA55}.Debug|Any CPU.ActiveCfg = Debug|Any CPU
		{5D23D913-0595-4E12-8D6C-C075C024CA55}.Debug|Any CPU.Build.0 = Debug|Any CPU
		{5D23D913-0595-4E12-8D6C-C075C024CA55}.Release|Any CPU.ActiveCfg = Release|Any CPU
		{5D23D913-0595-4E12-8D6C-C075C024CA55}.Release|Any CPU.Build.0 = Release|Any CPU
		{5FC2FC71-5B50-4936-8655-61A9DA4ED77F}.Debug|Any CPU.ActiveCfg = Debug|Any CPU
		{5FC2FC71-5B50-4936-8655-61A9DA4ED77F}.Debug|Any CPU.Build.0 = Debug|Any CPU
		{5FC2FC71-5B50-4936-8655-61A9DA4ED77F}.Release|Any CPU.ActiveCfg = Release|Any CPU
		{5FC2FC71-5B50-4936-8655-61A9DA4ED77F}.Release|Any CPU.Build.0 = Release|Any CPU
		{BC54B662-072E-4389-9B85-6E2945944EF3}.Debug|Any CPU.ActiveCfg = Debug|Any CPU
		{BC54B662-072E-4389-9B85-6E2945944EF3}.Debug|Any CPU.Build.0 = Debug|Any CPU
		{BC54B662-072E-4389-9B85-6E2945944EF3}.Release|Any CPU.ActiveCfg = Release|Any CPU
		{BC54B662-072E-4389-9B85-6E2945944EF3}.Release|Any CPU.Build.0 = Release|Any CPU
		{23DD4290-F81C-4A37-AA9F-407C3F189C98}.Debug|Any CPU.ActiveCfg = Debug|Any CPU
		{23DD4290-F81C-4A37-AA9F-407C3F189C98}.Debug|Any CPU.Build.0 = Debug|Any CPU
		{23DD4290-F81C-4A37-AA9F-407C3F189C98}.Release|Any CPU.ActiveCfg = Release|Any CPU
		{23DD4290-F81C-4A37-AA9F-407C3F189C98}.Release|Any CPU.Build.0 = Release|Any CPU
	EndGlobalSection
	GlobalSection(SolutionProperties) = preSolution
		HideSolutionNode = FALSE
	EndGlobalSection
	GlobalSection(NestedProjects) = preSolution
		{FE4B11F0-3AAB-4BA5-BF49-00EE46952433} = {5E09FC72-15DF-4264-9A82-C73B28E8118F}
		{4344B4B6-9076-4CAA-9731-E65D9F142417} = {5E09FC72-15DF-4264-9A82-C73B28E8118F}
		{5F029392-CC0F-4702-A4BA-E2D663C158D2} = {5E09FC72-15DF-4264-9A82-C73B28E8118F}
		{7A74E7C4-8D16-462D-B249-D0EE63A5D71C} = {5E09FC72-15DF-4264-9A82-C73B28E8118F}
		{FB25E60C-8380-49E5-B1EC-E61BA825D1B1} = {5E09FC72-15DF-4264-9A82-C73B28E8118F}
		{F7755FC1-1D4C-4D5E-8662-C19D55C29593} = {5E09FC72-15DF-4264-9A82-C73B28E8118F}
		{63966EB4-9E9D-4334-B25F-49DDE75BCC45} = {5E09FC72-15DF-4264-9A82-C73B28E8118F}
		{4797DE77-8AFE-4718-B917-7ABF88DC3883} = {F64CB18D-2B66-40EC-BDF8-60F6A412AAC7}
		{EE37322B-C09A-4D77-B50C-98FE346473BE} = {F64CB18D-2B66-40EC-BDF8-60F6A412AAC7}
		{2A3ACE1C-A9CD-452A-A418-D0F0CE8CE8FC} = {F64CB18D-2B66-40EC-BDF8-60F6A412AAC7}
		{347E50D7-EB1F-491F-AE19-9216239B0C58} = {F64CB18D-2B66-40EC-BDF8-60F6A412AAC7}
		{8CF544AC-3BE5-4F90-9710-E4DC1C3F895D} = {F64CB18D-2B66-40EC-BDF8-60F6A412AAC7}
		{7E5BB985-270B-440C-ADAA-F521511C63BF} = {F64CB18D-2B66-40EC-BDF8-60F6A412AAC7}
		{7AF56E26-6979-4CA5-BC10-42F74CB9A088} = {B5125067-B3C8-4174-80A6-55E395BE4E50}
		{5D23D913-0595-4E12-8D6C-C075C024CA55} = {B5125067-B3C8-4174-80A6-55E395BE4E50}
		{5FC2FC71-5B50-4936-8655-61A9DA4ED77F} = {B5125067-B3C8-4174-80A6-55E395BE4E50}
		{BC54B662-072E-4389-9B85-6E2945944EF3} = {B5125067-B3C8-4174-80A6-55E395BE4E50}
		{23DD4290-F81C-4A37-AA9F-407C3F189C98} = {B5125067-B3C8-4174-80A6-55E395BE4E50}
	EndGlobalSection
	GlobalSection(ExtensibilityGlobals) = postSolution
		SolutionGuid = {D0DCAB2A-CB40-4A4D-B74C-022F720D6B8D}
	EndGlobalSection
EndGlobal
